// !$*UTF8*$!
{
	archiveVersion = 1;
	classes = {
	};
	objectVersion = 46;
	objects = {

/* Begin PBXBuildFile section */
		7379B54619413D4300469D07 /* Foundation.framework in Frameworks */ = {isa = PBXBuildFile; fileRef = 7379B54519413D4300469D07 /* Foundation.framework */; };
		7379B54819413D4300469D07 /* CoreGraphics.framework in Frameworks */ = {isa = PBXBuildFile; fileRef = 7379B54719413D4300469D07 /* CoreGraphics.framework */; };
		7379B54A19413D4300469D07 /* UIKit.framework in Frameworks */ = {isa = PBXBuildFile; fileRef = 7379B54919413D4300469D07 /* UIKit.framework */; };
		7379B55019413D4300469D07 /* InfoPlist.strings in Resources */ = {isa = PBXBuildFile; fileRef = 7379B54E19413D4300469D07 /* InfoPlist.strings */; };
		7379B55219413D4300469D07 /* main.m in Sources */ = {isa = PBXBuildFile; fileRef = 7379B55119413D4300469D07 /* main.m */; };
		7379B55619413D4300469D07 /* SLAppDelegate.m in Sources */ = {isa = PBXBuildFile; fileRef = 7379B55519413D4300469D07 /* SLAppDelegate.m */; };
		7379B55819413D4300469D07 /* Images.xcassets in Resources */ = {isa = PBXBuildFile; fileRef = 7379B55719413D4300469D07 /* Images.xcassets */; };
		7379B55F19413D4300469D07 /* XCTest.framework in Frameworks */ = {isa = PBXBuildFile; fileRef = 7379B55E19413D4300469D07 /* XCTest.framework */; };
		7379B56019413D4300469D07 /* Foundation.framework in Frameworks */ = {isa = PBXBuildFile; fileRef = 7379B54519413D4300469D07 /* Foundation.framework */; };
		7379B56119413D4300469D07 /* UIKit.framework in Frameworks */ = {isa = PBXBuildFile; fileRef = 7379B54919413D4300469D07 /* UIKit.framework */; };
		7379B56919413D4300469D07 /* InfoPlist.strings in Resources */ = {isa = PBXBuildFile; fileRef = 7379B56719413D4300469D07 /* InfoPlist.strings */; };
		7379B56B19413D4300469D07 /* EasyEventTests.m in Sources */ = {isa = PBXBuildFile; fileRef = 7379B56A19413D4300469D07 /* EasyEventTests.m */; };
/* End PBXBuildFile section */

/* Begin PBXContainerItemProxy section */
		7379B56219413D4300469D07 /* PBXContainerItemProxy */ = {
			isa = PBXContainerItemProxy;
			containerPortal = 7379B53A19413D4300469D07 /* Project object */;
			proxyType = 1;
			remoteGlobalIDString = 7379B54119413D4300469D07;
			remoteInfo = EasyEvent;
		};
/* End PBXContainerItemProxy section */

/* Begin PBXFileReference section */
		7379B54219413D4300469D07 /* EasyEvent.app */ = {isa = PBXFileReference; explicitFileType = wrapper.application; includeInIndex = 0; path = EasyEvent.app; sourceTree = BUILT_PRODUCTS_DIR; };
		7379B54519413D4300469D07 /* Foundation.framework */ = {isa = PBXFileReference; lastKnownFileType = wrapper.framework; name = Foundation.framework; path = System/Library/Frameworks/Foundation.framework; sourceTree = SDKROOT; };
		7379B54719413D4300469D07 /* CoreGraphics.framework */ = {isa = PBXFileReference; lastKnownFileType = wrapper.framework; name = CoreGraphics.framework; path = System/Library/Frameworks/CoreGraphics.framework; sourceTree = SDKROOT; };
		7379B54919413D4300469D07 /* UIKit.framework */ = {isa = PBXFileReference; lastKnownFileType = wrapper.framework; name = UIKit.framework; path = System/Library/Frameworks/UIKit.framework; sourceTree = SDKROOT; };
		7379B54D19413D4300469D07 /* EasyEvent-Info.plist */ = {isa = PBXFileReference; lastKnownFileType = text.plist.xml; path = "EasyEvent-Info.plist"; sourceTree = "<group>"; };
		7379B54F19413D4300469D07 /* en */ = {isa = PBXFileReference; lastKnownFileType = text.plist.strings; name = en; path = en.lproj/InfoPlist.strings; sourceTree = "<group>"; };
		7379B55119413D4300469D07 /* main.m */ = {isa = PBXFileReference; lastKnownFileType = sourcecode.c.objc; path = main.m; sourceTree = "<group>"; };
		7379B55319413D4300469D07 /* EasyEvent-Prefix.pch */ = {isa = PBXFileReference; lastKnownFileType = sourcecode.c.h; path = "EasyEvent-Prefix.pch"; sourceTree = "<group>"; };
		7379B55419413D4300469D07 /* SLAppDelegate.h */ = {isa = PBXFileReference; lastKnownFileType = sourcecode.c.h; path = SLAppDelegate.h; sourceTree = "<group>"; };
		7379B55519413D4300469D07 /* SLAppDelegate.m */ = {isa = PBXFileReference; lastKnownFileType = sourcecode.c.objc; path = SLAppDelegate.m; sourceTree = "<group>"; };
		7379B55719413D4300469D07 /* Images.xcassets */ = {isa = PBXFileReference; lastKnownFileType = folder.assetcatalog; path = Images.xcassets; sourceTree = "<group>"; };
		7379B55D19413D4300469D07 /* EasyEventTests.xctest */ = {isa = PBXFileReference; explicitFileType = wrapper.cfbundle; includeInIndex = 0; path = EasyEventTests.xctest; sourceTree = BUILT_PRODUCTS_DIR; };
		7379B55E19413D4300469D07 /* XCTest.framework */ = {isa = PBXFileReference; lastKnownFileType = wrapper.framework; name = XCTest.framework; path = Library/Frameworks/XCTest.framework; sourceTree = DEVELOPER_DIR; };
		7379B56619413D4300469D07 /* EasyEventTests-Info.plist */ = {isa = PBXFileReference; lastKnownFileType = text.plist.xml; path = "EasyEventTests-Info.plist"; sourceTree = "<group>"; };
		7379B56819413D4300469D07 /* en */ = {isa = PBXFileReference; lastKnownFileType = text.plist.strings; name = en; path = en.lproj/InfoPlist.strings; sourceTree = "<group>"; };
		7379B56A19413D4300469D07 /* EasyEventTests.m */ = {isa = PBXFileReference; lastKnownFileType = sourcecode.c.objc; path = EasyEventTests.m; sourceTree = "<group>"; };
/* End PBXFileReference section */

/* Begin PBXFrameworksBuildPhase section */
		7379B53F19413D4300469D07 /* Frameworks */ = {
			isa = PBXFrameworksBuildPhase;
			buildActionMask = 2147483647;
			files = (
				7379B54819413D4300469D07 /* CoreGraphics.framework in Frameworks */,
				7379B54A19413D4300469D07 /* UIKit.framework in Frameworks */,
				7379B54619413D4300469D07 /* Foundation.framework in Frameworks */,
			);
			runOnlyForDeploymentPostprocessing = 0;
		};
		7379B55A19413D4300469D07 /* Frameworks */ = {
			isa = PBXFrameworksBuildPhase;
			buildActionMask = 2147483647;
			files = (
				7379B55F19413D4300469D07 /* XCTest.framework in Frameworks */,
				7379B56119413D4300469D07 /* UIKit.framework in Frameworks */,
				7379B56019413D4300469D07 /* Foundation.framework in Frameworks */,
			);
			runOnlyForDeploymentPostprocessing = 0;
		};
/* End PBXFrameworksBuildPhase section */

/* Begin PBXGroup section */
		7379B53919413D4300469D07 = {
			isa = PBXGroup;
			children = (
				7379B54B19413D4300469D07 /* EasyEvent */,
				7379B56419413D4300469D07 /* EasyEventTests */,
				7379B54419413D4300469D07 /* Frameworks */,
				7379B54319413D4300469D07 /* Products */,
			);
			sourceTree = "<group>";
		};
		7379B54319413D4300469D07 /* Products */ = {
			isa = PBXGroup;
			children = (
				7379B54219413D4300469D07 /* EasyEvent.app */,
				7379B55D19413D4300469D07 /* EasyEventTests.xctest */,
			);
			name = Products;
			sourceTree = "<group>";
		};
		7379B54419413D4300469D07 /* Frameworks */ = {
			isa = PBXGroup;
			children = (
				7379B54519413D4300469D07 /* Foundation.framework */,
				7379B54719413D4300469D07 /* CoreGraphics.framework */,
				7379B54919413D4300469D07 /* UIKit.framework */,
				7379B55E19413D4300469D07 /* XCTest.framework */,
			);
			name = Frameworks;
			sourceTree = "<group>";
		};
		7379B54B19413D4300469D07 /* EasyEvent */ = {
			isa = PBXGroup;
			children = (
				7379B55419413D4300469D07 /* SLAppDelegate.h */,
				7379B55519413D4300469D07 /* SLAppDelegate.m */,
				7379B55719413D4300469D07 /* Images.xcassets */,
				7379B54C19413D4300469D07 /* Supporting Files */,
			);
			path = EasyEvent;
			sourceTree = "<group>";
		};
		7379B54C19413D4300469D07 /* Supporting Files */ = {
			isa = PBXGroup;
			children = (
				7379B54D19413D4300469D07 /* EasyEvent-Info.plist */,
				7379B54E19413D4300469D07 /* InfoPlist.strings */,
				7379B55119413D4300469D07 /* main.m */,
				7379B55319413D4300469D07 /* EasyEvent-Prefix.pch */,
			);
			name = "Supporting Files";
			sourceTree = "<group>";
		};
		7379B56419413D4300469D07 /* EasyEventTests */ = {
			isa = PBXGroup;
			children = (
				7379B56A19413D4300469D07 /* EasyEventTests.m */,
				7379B56519413D4300469D07 /* Supporting Files */,
			);
			path = EasyEventTests;
			sourceTree = "<group>";
		};
		7379B56519413D4300469D07 /* Supporting Files */ = {
			isa = PBXGroup;
			children = (
				7379B56619413D4300469D07 /* EasyEventTests-Info.plist */,
				7379B56719413D4300469D07 /* InfoPlist.strings */,
			);
			name = "Supporting Files";
			sourceTree = "<group>";
		};
/* End PBXGroup section */

/* Begin PBXNativeTarget section */
		7379B54119413D4300469D07 /* EasyEvent */ = {
			isa = PBXNativeTarget;
			buildConfigurationList = 7379B56E19413D4300469D07 /* Build configuration list for PBXNativeTarget "EasyEvent" */;
			buildPhases = (
				7379B53E19413D4300469D07 /* Sources */,
				7379B53F19413D4300469D07 /* Frameworks */,
				7379B54019413D4300469D07 /* Resources */,
			);
			buildRules = (
			);
			dependencies = (
			);
			name = EasyEvent;
			productName = EasyEvent;
			productReference = 7379B54219413D4300469D07 /* EasyEvent.app */;
			productType = "com.apple.product-type.application";
		};
		7379B55C19413D4300469D07 /* EasyEventTests */ = {
			isa = PBXNativeTarget;
			buildConfigurationList = 7379B57119413D4300469D07 /* Build configuration list for PBXNativeTarget "EasyEventTests" */;
			buildPhases = (
				7379B55919413D4300469D07 /* Sources */,
				7379B55A19413D4300469D07 /* Frameworks */,
				7379B55B19413D4300469D07 /* Resources */,
			);
			buildRules = (
			);
			dependencies = (
				7379B56319413D4300469D07 /* PBXTargetDependency */,
			);
			name = EasyEventTests;
			productName = EasyEventTests;
			productReference = 7379B55D19413D4300469D07 /* EasyEventTests.xctest */;
			productType = "com.apple.product-type.bundle.unit-test";
		};
/* End PBXNativeTarget section */

/* Begin PBXProject section */
		7379B53A19413D4300469D07 /* Project object */ = {
			isa = PBXProject;
			attributes = {
				CLASSPREFIX = SL;
				LastUpgradeCheck = 0510;
				ORGANIZATIONNAME = "Sean Levin";
				TargetAttributes = {
					7379B55C19413D4300469D07 = {
						TestTargetID = 7379B54119413D4300469D07;
					};
				};
			};
			buildConfigurationList = 7379B53D19413D4300469D07 /* Build configuration list for PBXProject "EasyEvent" */;
			compatibilityVersion = "Xcode 3.2";
			developmentRegion = English;
			hasScannedForEncodings = 0;
			knownRegions = (
				en,
			);
			mainGroup = 7379B53919413D4300469D07;
			productRefGroup = 7379B54319413D4300469D07 /* Products */;
			projectDirPath = "";
			projectRoot = "";
			targets = (
				7379B54119413D4300469D07 /* EasyEvent */,
				7379B55C19413D4300469D07 /* EasyEventTests */,
			);
		};
/* End PBXProject section */

/* Begin PBXResourcesBuildPhase section */
		7379B54019413D4300469D07 /* Resources */ = {
			isa = PBXResourcesBuildPhase;
			buildActionMask = 2147483647;
			files = (
				7379B55019413D4300469D07 /* InfoPlist.strings in Resources */,
				7379B55819413D4300469D07 /* Images.xcassets in Resources */,
			);
			runOnlyForDeploymentPostprocessing = 0;
		};
		7379B55B19413D4300469D07 /* Resources */ = {
			isa = PBXResourcesBuildPhase;
			buildActionMask = 2147483647;
			files = (
				7379B56919413D4300469D07 /* InfoPlist.strings in Resources */,
			);
			runOnlyForDeploymentPostprocessing = 0;
		};
/* End PBXResourcesBuildPhase section */

/* Begin PBXSourcesBuildPhase section */
		7379B53E19413D4300469D07 /* Sources */ = {
			isa = PBXSourcesBuildPhase;
			buildActionMask = 2147483647;
			files = (
				7379B55219413D4300469D07 /* main.m in Sources */,
				7379B55619413D4300469D07 /* SLAppDelegate.m in Sources */,
			);
			runOnlyForDeploymentPostprocessing = 0;
		};
		7379B55919413D4300469D07 /* Sources */ = {
			isa = PBXSourcesBuildPhase;
			buildActionMask = 2147483647;
			files = (
				7379B56B19413D4300469D07 /* EasyEventTests.m in Sources */,
			);
			runOnlyForDeploymentPostprocessing = 0;
		};
/* End PBXSourcesBuildPhase section */

/* Begin PBXTargetDependency section */
		7379B56319413D4300469D07 /* PBXTargetDependency */ = {
			isa = PBXTargetDependency;
			target = 7379B54119413D4300469D07 /* EasyEvent */;
			targetProxy = 7379B56219413D4300469D07 /* PBXContainerItemProxy */;
		};
/* End PBXTargetDependency section */

/* Begin PBXVariantGroup section */
		7379B54E19413D4300469D07 /* InfoPlist.strings */ = {
			isa = PBXVariantGroup;
			children = (
				7379B54F19413D4300469D07 /* en */,
			);
			name = InfoPlist.strings;
			sourceTree = "<group>";
		};
		7379B56719413D4300469D07 /* InfoPlist.strings */ = {
			isa = PBXVariantGroup;
			children = (
				7379B56819413D4300469D07 /* en */,
			);
			name = InfoPlist.strings;
			sourceTree = "<group>";
		};
/* End PBXVariantGroup section */

/* Begin XCBuildConfiguration section */
		7379B56C19413D4300469D07 /* Debug */ = {
			isa = XCBuildConfiguration;
			buildSettings = {
				ALWAYS_SEARCH_USER_PATHS = NO;
				CLANG_CXX_LANGUAGE_STANDARD = "gnu++0x";
				CLANG_CXX_LIBRARY = "libc++";
				CLANG_ENABLE_MODULES = YES;
				CLANG_ENABLE_OBJC_ARC = YES;
				CLANG_WARN_BOOL_CONVERSION = YES;
				CLANG_WARN_CONSTANT_CONVERSION = YES;
				CLANG_WARN_DIRECT_OBJC_ISA_USAGE = YES_ERROR;
				CLANG_WARN_EMPTY_BODY = YES;
				CLANG_WARN_ENUM_CONVERSION = YES;
				CLANG_WARN_INT_CONVERSION = YES;
				CLANG_WARN_OBJC_ROOT_CLASS = YES_ERROR;
				CLANG_WARN__DUPLICATE_METHOD_MATCH = YES;
				"CODE_SIGN_IDENTITY[sdk=iphoneos*]" = "iPhone Developer";
				COPY_PHASE_STRIP = NO;
				GCC_C_LANGUAGE_STANDARD = gnu99;
				GCC_DYNAMIC_NO_PIC = NO;
				GCC_OPTIMIZATION_LEVEL = 0;
				GCC_PREPROCESSOR_DEFINITIONS = (
					"DEBUG=1",
					"$(inherited)",
				);
				GCC_SYMBOLS_PRIVATE_EXTERN = NO;
				GCC_WARN_64_TO_32_BIT_CONVERSION = YES;
				GCC_WARN_ABOUT_RETURN_TYPE = YES_ERROR;
				GCC_WARN_UNDECLARED_SELECTOR = YES;
				GCC_WARN_UNINITIALIZED_AUTOS = YES_AGGRESSIVE;
				GCC_WARN_UNUSED_FUNCTION = YES;
				GCC_WARN_UNUSED_VARIABLE = YES;
				IPHONEOS_DEPLOYMENT_TARGET = 7.1;
				ONLY_ACTIVE_ARCH = YES;
				SDKROOT = iphoneos;
			};
			name = Debug;
		};
		7379B56D19413D4300469D07 /* Release */ = {
			isa = XCBuildConfiguration;
			buildSettings = {
				ALWAYS_SEARCH_USER_PATHS = NO;
				CLANG_CXX_LANGUAGE_STANDARD = "gnu++0x";
				CLANG_CXX_LIBRARY = "libc++";
				CLANG_ENABLE_MODULES = YES;
				CLANG_ENABLE_OBJC_ARC = YES;
				CLANG_WARN_BOOL_CONVERSION = YES;
				CLANG_WARN_CONSTANT_CONVERSION = YES;
				CLANG_WARN_DIRECT_OBJC_ISA_USAGE = YES_ERROR;
				CLANG_WARN_EMPTY_BODY = YES;
				CLANG_WARN_ENUM_CONVERSION = YES;
				CLANG_WARN_INT_CONVERSION = YES;
				CLANG_WARN_OBJC_ROOT_CLASS = YES_ERROR;
				CLANG_WARN__DUPLICATE_METHOD_MATCH = YES;
				"CODE_SIGN_IDENTITY[sdk=iphoneos*]" = "iPhone Developer";
				COPY_PHASE_STRIP = YES;
				ENABLE_NS_ASSERTIONS = NO;
				GCC_C_LANGUAGE_STANDARD = gnu99;
				GCC_WARN_64_TO_32_BIT_CONVERSION = YES;
				GCC_WARN_ABOUT_RETURN_TYPE = YES_ERROR;
				GCC_WARN_UNDECLARED_SELECTOR = YES;
				GCC_WARN_UNINITIALIZED_AUTOS = YES_AGGRESSIVE;
				GCC_WARN_UNUSED_FUNCTION = YES;
				GCC_WARN_UNUSED_VARIABLE = YES;
				IPHONEOS_DEPLOYMENT_TARGET = 7.1;
				SDKROOT = iphoneos;
				VALIDATE_PRODUCT = YES;
			};
			name = Release;
		};
		7379B56F19413D4300469D07 /* Debug */ = {
			isa = XCBuildConfiguration;
			buildSettings = {
				ASSETCATALOG_COMPILER_APPICON_NAME = AppIcon;
				ASSETCATALOG_COMPILER_LAUNCHIMAGE_NAME = LaunchImage;
				GCC_PRECOMPILE_PREFIX_HEADER = YES;
				GCC_PREFIX_HEADER = "EasyEvent/EasyEvent-Prefix.pch";
				INFOPLIST_FILE = "EasyEvent/EasyEvent-Info.plist";
				PRODUCT_NAME = "$(TARGET_NAME)";
				WRAPPER_EXTENSION = app;
			};
			name = Debug;
		};
		7379B57019413D4300469D07 /* Release */ = {
			isa = XCBuildConfiguration;
			buildSettings = {
				ASSETCATALOG_COMPILER_APPICON_NAME = AppIcon;
				ASSETCATALOG_COMPILER_LAUNCHIMAGE_NAME = LaunchImage;
				GCC_PRECOMPILE_PREFIX_HEADER = YES;
				GCC_PREFIX_HEADER = "EasyEvent/EasyEvent-Prefix.pch";
				INFOPLIST_FILE = "EasyEvent/EasyEvent-Info.plist";
				PRODUCT_NAME = "$(TARGET_NAME)";
				WRAPPER_EXTENSION = app;
			};
			name = Release;
		};
		7379B57219413D4300469D07 /* Debug */ = {
			isa = XCBuildConfiguration;
			buildSettings = {
				BUNDLE_LOADER = "$(BUILT_PRODUCTS_DIR)/EasyEvent.app/EasyEvent";
				FRAMEWORK_SEARCH_PATHS = (
					"$(SDKROOT)/Developer/Library/Frameworks",
					"$(inherited)",
					"$(DEVELOPER_FRAMEWORKS_DIR)",
				);
				GCC_PRECOMPILE_PREFIX_HEADER = YES;
				GCC_PREFIX_HEADER = "EasyEvent/EasyEvent-Prefix.pch";
				GCC_PREPROCESSOR_DEFINITIONS = (
					"DEBUG=1",
					"$(inherited)",
				);
				INFOPLIST_FILE = "EasyEventTests/EasyEventTests-Info.plist";
				PRODUCT_NAME = "$(TARGET_NAME)";
				TEST_HOST = "$(BUNDLE_LOADER)";
				WRAPPER_EXTENSION = xctest;
			};
			name = Debug;
		};
		7379B57319413D4300469D07 /* Release */ = {
			isa = XCBuildConfiguration;
			buildSettings = {
				BUNDLE_LOADER = "$(BUILT_PRODUCTS_DIR)/EasyEvent.app/EasyEvent";
				FRAMEWORK_SEARCH_PATHS = (
					"$(SDKROOT)/Developer/Library/Frameworks",
					"$(inherited)",
					"$(DEVELOPER_FRAMEWORKS_DIR)",
				);
				GCC_PRECOMPILE_PREFIX_HEADER = YES;
				GCC_PREFIX_HEADER = "EasyEvent/EasyEvent-Prefix.pch";
				INFOPLIST_FILE = "EasyEventTests/EasyEventTests-Info.plist";
				PRODUCT_NAME = "$(TARGET_NAME)";
				TEST_HOST = "$(BUNDLE_LOADER)";
				WRAPPER_EXTENSION = xctest;
			};
			name = Release;
		};
/* End XCBuildConfiguration section */

/* Begin XCConfigurationList section */
		7379B53D19413D4300469D07 /* Build configuration list for PBXProject "EasyEvent" */ = {
			isa = XCConfigurationList;
			buildConfigurations = (
				7379B56C19413D4300469D07 /* Debug */,
				7379B56D19413D4300469D07 /* Release */,
			);
			defaultConfigurationIsVisible = 0;
			defaultConfigurationName = Release;
		};
		7379B56E19413D4300469D07 /* Build configuration list for PBXNativeTarget "EasyEvent" */ = {
			isa = XCConfigurationList;
			buildConfigurations = (
				7379B56F19413D4300469D07 /* Debug */,
				7379B57019413D4300469D07 /* Release */,
			);
			defaultConfigurationIsVisible = 0;
		};
		7379B57119413D4300469D07 /* Build configuration list for PBXNativeTarget "EasyEventTests" */ = {
			isa = XCConfigurationList;
			buildConfigurations = (
				7379B57219413D4300469D07 /* Debug */,
				7379B57319413D4300469D07 /* Release */,
			);
			defaultConfigurationIsVisible = 0;
		};
/* End XCConfigurationList section */
	};
	rootObject = 7379B53A19413D4300469D07 /* Project object */;
}
